// !$*UTF8*$!
{
	archiveVersion = 1;
	classes = {
	};
	objectVersion = 50;
	objects = {

/* Begin PBXBuildFile section */
		3C898CE223CAD5F300E05A5B /* AppDelegate.swift in Sources */ = {isa = PBXBuildFile; fileRef = 3C898CE123CAD5F300E05A5B /* AppDelegate.swift */; };
		3C898CE423CAD5F300E05A5B /* SceneDelegate.swift in Sources */ = {isa = PBXBuildFile; fileRef = 3C898CE323CAD5F300E05A5B /* SceneDelegate.swift */; };
		3C898CE623CAD5F300E05A5B /* ViewController.swift in Sources */ = {isa = PBXBuildFile; fileRef = 3C898CE523CAD5F300E05A5B /* ViewController.swift */; };
		3C898CE923CAD5F300E05A5B /* Main.storyboard in Resources */ = {isa = PBXBuildFile; fileRef = 3C898CE723CAD5F300E05A5B /* Main.storyboard */; };
		3C898CEB23CAD5F500E05A5B /* Assets.xcassets in Resources */ = {isa = PBXBuildFile; fileRef = 3C898CEA23CAD5F500E05A5B /* Assets.xcassets */; };
		3C898CEE23CAD5F500E05A5B /* LaunchScreen.storyboard in Resources */ = {isa = PBXBuildFile; fileRef = 3C898CEC23CAD5F500E05A5B /* LaunchScreen.storyboard */; };
		3C898CF923CAD5F500E05A5B /* GitCommitApiSampleTests.swift in Sources */ = {isa = PBXBuildFile; fileRef = 3C898CF823CAD5F500E05A5B /* GitCommitApiSampleTests.swift */; };
		3C898D0423CAD5F600E05A5B /* GitCommitApiSampleUITests.swift in Sources */ = {isa = PBXBuildFile; fileRef = 3C898D0323CAD5F600E05A5B /* GitCommitApiSampleUITests.swift */; };
		3C898D1923CAD73000E05A5B /* GitCommitData.swift in Sources */ = {isa = PBXBuildFile; fileRef = 3C898D1823CAD73000E05A5B /* GitCommitData.swift */; };
		3C898D1B23CAD7BE00E05A5B /* WebService.swift in Sources */ = {isa = PBXBuildFile; fileRef = 3C898D1A23CAD7BE00E05A5B /* WebService.swift */; };
		3C898D1D23CAD7F400E05A5B /* Enpoint.swift in Sources */ = {isa = PBXBuildFile; fileRef = 3C898D1C23CAD7F400E05A5B /* Enpoint.swift */; };
/* End PBXBuildFile section */

/* Begin PBXContainerItemProxy section */
		3C898CF523CAD5F500E05A5B /* PBXContainerItemProxy */ = {
			isa = PBXContainerItemProxy;
			containerPortal = 3C898CD623CAD5F300E05A5B /* Project object */;
			proxyType = 1;
			remoteGlobalIDString = 3C898CDD23CAD5F300E05A5B;
			remoteInfo = GitCommitApiSample;
		};
		3C898D0023CAD5F600E05A5B /* PBXContainerItemProxy */ = {
			isa = PBXContainerItemProxy;
			containerPortal = 3C898CD623CAD5F300E05A5B /* Project object */;
			proxyType = 1;
			remoteGlobalIDString = 3C898CDD23CAD5F300E05A5B;
			remoteInfo = GitCommitApiSample;
		};
/* End PBXContainerItemProxy section */

/* Begin PBXFileReference section */
		3C898CDE23CAD5F300E05A5B /* GitCommitApiSample.app */ = {isa = PBXFileReference; explicitFileType = wrapper.application; includeInIndex = 0; path = GitCommitApiSample.app; sourceTree = BUILT_PRODUCTS_DIR; };
		3C898CE123CAD5F300E05A5B /* AppDelegate.swift */ = {isa = PBXFileReference; lastKnownFileType = sourcecode.swift; path = AppDelegate.swift; sourceTree = "<group>"; };
		3C898CE323CAD5F300E05A5B /* SceneDelegate.swift */ = {isa = PBXFileReference; lastKnownFileType = sourcecode.swift; path = SceneDelegate.swift; sourceTree = "<group>"; };
		3C898CE523CAD5F300E05A5B /* ViewController.swift */ = {isa = PBXFileReference; lastKnownFileType = sourcecode.swift; path = ViewController.swift; sourceTree = "<group>"; };
		3C898CE823CAD5F300E05A5B /* Base */ = {isa = PBXFileReference; lastKnownFileType = file.storyboard; name = Base; path = Base.lproj/Main.storyboard; sourceTree = "<group>"; };
		3C898CEA23CAD5F500E05A5B /* Assets.xcassets */ = {isa = PBXFileReference; lastKnownFileType = folder.assetcatalog; path = Assets.xcassets; sourceTree = "<group>"; };
		3C898CED23CAD5F500E05A5B /* Base */ = {isa = PBXFileReference; lastKnownFileType = file.storyboard; name = Base; path = Base.lproj/LaunchScreen.storyboard; sourceTree = "<group>"; };
		3C898CEF23CAD5F500E05A5B /* Info.plist */ = {isa = PBXFileReference; lastKnownFileType = text.plist.xml; path = Info.plist; sourceTree = "<group>"; };
		3C898CF423CAD5F500E05A5B /* GitCommitApiSampleTests.xctest */ = {isa = PBXFileReference; explicitFileType = wrapper.cfbundle; includeInIndex = 0; path = GitCommitApiSampleTests.xctest; sourceTree = BUILT_PRODUCTS_DIR; };
		3C898CF823CAD5F500E05A5B /* GitCommitApiSampleTests.swift */ = {isa = PBXFileReference; lastKnownFileType = sourcecode.swift; path = GitCommitApiSampleTests.swift; sourceTree = "<group>"; };
		3C898CFA23CAD5F500E05A5B /* Info.plist */ = {isa = PBXFileReference; lastKnownFileType = text.plist.xml; path = Info.plist; sourceTree = "<group>"; };
		3C898CFF23CAD5F600E05A5B /* GitCommitApiSampleUITests.xctest */ = {isa = PBXFileReference; explicitFileType = wrapper.cfbundle; includeInIndex = 0; path = GitCommitApiSampleUITests.xctest; sourceTree = BUILT_PRODUCTS_DIR; };
		3C898D0323CAD5F600E05A5B /* GitCommitApiSampleUITests.swift */ = {isa = PBXFileReference; lastKnownFileType = sourcecode.swift; path = GitCommitApiSampleUITests.swift; sourceTree = "<group>"; };
		3C898D0523CAD5F600E05A5B /* Info.plist */ = {isa = PBXFileReference; lastKnownFileType = text.plist.xml; path = Info.plist; sourceTree = "<group>"; };
		3C898D1823CAD73000E05A5B /* GitCommitData.swift */ = {isa = PBXFileReference; lastKnownFileType = sourcecode.swift; path = GitCommitData.swift; sourceTree = "<group>"; };
		3C898D1A23CAD7BE00E05A5B /* WebService.swift */ = {isa = PBXFileReference; lastKnownFileType = sourcecode.swift; path = WebService.swift; sourceTree = "<group>"; };
		3C898D1C23CAD7F400E05A5B /* Enpoint.swift */ = {isa = PBXFileReference; lastKnownFileType = sourcecode.swift; path = Enpoint.swift; sourceTree = "<group>"; };
/* End PBXFileReference section */

/* Begin PBXFrameworksBuildPhase section */
		3C898CDB23CAD5F300E05A5B /* Frameworks */ = {
			isa = PBXFrameworksBuildPhase;
			buildActionMask = 2147483647;
			files = (
			);
			runOnlyForDeploymentPostprocessing = 0;
		};
		3C898CF123CAD5F500E05A5B /* Frameworks */ = {
			isa = PBXFrameworksBuildPhase;
			buildActionMask = 2147483647;
			files = (
			);
			runOnlyForDeploymentPostprocessing = 0;
		};
		3C898CFC23CAD5F600E05A5B /* Frameworks */ = {
			isa = PBXFrameworksBuildPhase;
			buildActionMask = 2147483647;
			files = (
			);
			runOnlyForDeploymentPostprocessing = 0;
		};
/* End PBXFrameworksBuildPhase section */

/* Begin PBXGroup section */
		3C898CD523CAD5F300E05A5B = {
			isa = PBXGroup;
			children = (
				3C898CE023CAD5F300E05A5B /* GitCommitApiSample */,
				3C898CF723CAD5F500E05A5B /* GitCommitApiSampleTests */,
				3C898D0223CAD5F600E05A5B /* GitCommitApiSampleUITests */,
				3C898CDF23CAD5F300E05A5B /* Products */,
			);
			sourceTree = "<group>";
		};
		3C898CDF23CAD5F300E05A5B /* Products */ = {
			isa = PBXGroup;
			children = (
				3C898CDE23CAD5F300E05A5B /* GitCommitApiSample.app */,
				3C898CF423CAD5F500E05A5B /* GitCommitApiSampleTests.xctest */,
				3C898CFF23CAD5F600E05A5B /* GitCommitApiSampleUITests.xctest */,
			);
			name = Products;
			sourceTree = "<group>";
		};
		3C898CE023CAD5F300E05A5B /* GitCommitApiSample */ = {
			isa = PBXGroup;
			children = (
				3C898D1E23CADB2600E05A5B /* ViewModel */,
				3C898D1723CAD70400E05A5B /* Model */,
				3C898D1423CAD6A600E05A5B /* ServiceLayer */,
				3C898D1323CAD69E00E05A5B /* View */,
				3C898CE123CAD5F300E05A5B /* AppDelegate.swift */,
				3C898CE323CAD5F300E05A5B /* SceneDelegate.swift */,
				3C898CEA23CAD5F500E05A5B /* Assets.xcassets */,
				3C898CEC23CAD5F500E05A5B /* LaunchScreen.storyboard */,
				3C898CEF23CAD5F500E05A5B /* Info.plist */,
			);
			path = GitCommitApiSample;
			sourceTree = "<group>";
		};
		3C898CF723CAD5F500E05A5B /* GitCommitApiSampleTests */ = {
			isa = PBXGroup;
			children = (
				3C898CF823CAD5F500E05A5B /* GitCommitApiSampleTests.swift */,
				3C898CFA23CAD5F500E05A5B /* Info.plist */,
			);
			path = GitCommitApiSampleTests;
			sourceTree = "<group>";
		};
		3C898D0223CAD5F600E05A5B /* GitCommitApiSampleUITests */ = {
			isa = PBXGroup;
			children = (
				3C898D0323CAD5F600E05A5B /* GitCommitApiSampleUITests.swift */,
				3C898D0523CAD5F600E05A5B /* Info.plist */,
			);
			path = GitCommitApiSampleUITests;
			sourceTree = "<group>";
		};
		3C898D1323CAD69E00E05A5B /* View */ = {
			isa = PBXGroup;
			children = (
				3C898CE523CAD5F300E05A5B /* ViewController.swift */,
				3C898CE723CAD5F300E05A5B /* Main.storyboard */,
			);
			path = View;
			sourceTree = "<group>";
		};
		3C898D1423CAD6A600E05A5B /* ServiceLayer */ = {
			isa = PBXGroup;
			children = (
				3C898D1A23CAD7BE00E05A5B /* WebService.swift */,
				3C898D1C23CAD7F400E05A5B /* Enpoint.swift */,
			);
			path = ServiceLayer;
			sourceTree = "<group>";
		};
		3C898D1723CAD70400E05A5B /* Model */ = {
			isa = PBXGroup;
			children = (
				3C898D1823CAD73000E05A5B /* GitCommitData.swift */,
			);
			path = Model;
			sourceTree = "<group>";
		};
		3C898D1E23CADB2600E05A5B /* ViewModel */ = {
			isa = PBXGroup;
			children = (
			);
			path = ViewModel;
			sourceTree = "<group>";
		};
/* End PBXGroup section */

/* Begin PBXNativeTarget section */
		3C898CDD23CAD5F300E05A5B /* GitCommitApiSample */ = {
			isa = PBXNativeTarget;
			buildConfigurationList = 3C898D0823CAD5F600E05A5B /* Build configuration list for PBXNativeTarget "GitCommitApiSample" */;
			buildPhases = (
				3C898CDA23CAD5F300E05A5B /* Sources */,
				3C898CDB23CAD5F300E05A5B /* Frameworks */,
				3C898CDC23CAD5F300E05A5B /* Resources */,
			);
			buildRules = (
			);
			dependencies = (
			);
			name = GitCommitApiSample;
			productName = GitCommitApiSample;
			productReference = 3C898CDE23CAD5F300E05A5B /* GitCommitApiSample.app */;
			productType = "com.apple.product-type.application";
		};
		3C898CF323CAD5F500E05A5B /* GitCommitApiSampleTests */ = {
			isa = PBXNativeTarget;
			buildConfigurationList = 3C898D0B23CAD5F600E05A5B /* Build configuration list for PBXNativeTarget "GitCommitApiSampleTests" */;
			buildPhases = (
				3C898CF023CAD5F500E05A5B /* Sources */,
				3C898CF123CAD5F500E05A5B /* Frameworks */,
				3C898CF223CAD5F500E05A5B /* Resources */,
			);
			buildRules = (
			);
			dependencies = (
				3C898CF623CAD5F500E05A5B /* PBXTargetDependency */,
			);
			name = GitCommitApiSampleTests;
			productName = GitCommitApiSampleTests;
			productReference = 3C898CF423CAD5F500E05A5B /* GitCommitApiSampleTests.xctest */;
			productType = "com.apple.product-type.bundle.unit-test";
		};
		3C898CFE23CAD5F600E05A5B /* GitCommitApiSampleUITests */ = {
			isa = PBXNativeTarget;
			buildConfigurationList = 3C898D0E23CAD5F600E05A5B /* Build configuration list for PBXNativeTarget "GitCommitApiSampleUITests" */;
			buildPhases = (
				3C898CFB23CAD5F600E05A5B /* Sources */,
				3C898CFC23CAD5F600E05A5B /* Frameworks */,
				3C898CFD23CAD5F600E05A5B /* Resources */,
			);
			buildRules = (
			);
			dependencies = (
				3C898D0123CAD5F600E05A5B /* PBXTargetDependency */,
			);
			name = GitCommitApiSampleUITests;
			productName = GitCommitApiSampleUITests;
			productReference = 3C898CFF23CAD5F600E05A5B /* GitCommitApiSampleUITests.xctest */;
			productType = "com.apple.product-type.bundle.ui-testing";
		};
/* End PBXNativeTarget section */

/* Begin PBXProject section */
		3C898CD623CAD5F300E05A5B /* Project object */ = {
			isa = PBXProject;
			attributes = {
				LastSwiftUpdateCheck = 1110;
				LastUpgradeCheck = 1110;
				ORGANIZATIONNAME = Mohit;
				TargetAttributes = {
					3C898CDD23CAD5F300E05A5B = {
						CreatedOnToolsVersion = 11.1;
					};
					3C898CF323CAD5F500E05A5B = {
						CreatedOnToolsVersion = 11.1;
						TestTargetID = 3C898CDD23CAD5F300E05A5B;
					};
					3C898CFE23CAD5F600E05A5B = {
						CreatedOnToolsVersion = 11.1;
						TestTargetID = 3C898CDD23CAD5F300E05A5B;
					};
				};
			};
			buildConfigurationList = 3C898CD923CAD5F300E05A5B /* Build configuration list for PBXProject "GitCommitApiSample" */;
			compatibilityVersion = "Xcode 9.3";
			developmentRegion = en;
			hasScannedForEncodings = 0;
			knownRegions = (
				en,
				Base,
			);
			mainGroup = 3C898CD523CAD5F300E05A5B;
			productRefGroup = 3C898CDF23CAD5F300E05A5B /* Products */;
			projectDirPath = "";
			projectRoot = "";
			targets = (
				3C898CDD23CAD5F300E05A5B /* GitCommitApiSample */,
				3C898CF323CAD5F500E05A5B /* GitCommitApiSampleTests */,
				3C898CFE23CAD5F600E05A5B /* GitCommitApiSampleUITests */,
			);
		};
/* End PBXProject section */

/* Begin PBXResourcesBuildPhase section */
		3C898CDC23CAD5F300E05A5B /* Resources */ = {
			isa = PBXResourcesBuildPhase;
			buildActionMask = 2147483647;
			files = (
				3C898CEE23CAD5F500E05A5B /* LaunchScreen.storyboard in Resources */,
				3C898CEB23CAD5F500E05A5B /* Assets.xcassets in Resources */,
				3C898CE923CAD5F300E05A5B /* Main.storyboard in Resources */,
			);
			runOnlyForDeploymentPostprocessing = 0;
		};
		3C898CF223CAD5F500E05A5B /* Resources */ = {
			isa = PBXResourcesBuildPhase;
			buildActionMask = 2147483647;
			files = (
			);
			runOnlyForDeploymentPostprocessing = 0;
		};
		3C898CFD23CAD5F600E05A5B /* Resources */ = {
			isa = PBXResourcesBuildPhase;
			buildActionMask = 2147483647;
			files = (
			);
			runOnlyForDeploymentPostprocessing = 0;
		};
/* End PBXResourcesBuildPhase section */

/* Begin PBXSourcesBuildPhase section */
		3C898CDA23CAD5F300E05A5B /* Sources */ = {
			isa = PBXSourcesBuildPhase;
			buildActionMask = 2147483647;
			files = (
				3C898D1D23CAD7F400E05A5B /* Enpoint.swift in Sources */,
				3C898D1B23CAD7BE00E05A5B /* WebService.swift in Sources */,
				3C898CE623CAD5F300E05A5B /* ViewController.swift in Sources */,
				3C898CE223CAD5F300E05A5B /* AppDelegate.swift in Sources */,
				3C898D1923CAD73000E05A5B /* GitCommitData.swift in Sources */,
				3C898CE423CAD5F300E05A5B /* SceneDelegate.swift in Sources */,
			);
			runOnlyForDeploymentPostprocessing = 0;
		};
		3C898CF023CAD5F500E05A5B /* Sources */ = {
			isa = PBXSourcesBuildPhase;
			buildActionMask = 2147483647;
			files = (
				3C898CF923CAD5F500E05A5B /* GitCommitApiSampleTests.swift in Sources */,
			);
			runOnlyForDeploymentPostprocessing = 0;
		};
		3C898CFB23CAD5F600E05A5B /* Sources */ = {
			isa = PBXSourcesBuildPhase;
			buildActionMask = 2147483647;
			files = (
				3C898D0423CAD5F600E05A5B /* GitCommitApiSampleUITests.swift in Sources */,
			);
			runOnlyForDeploymentPostprocessing = 0;
		};
/* End PBXSourcesBuildPhase section */

/* Begin PBXTargetDependency section */
		3C898CF623CAD5F500E05A5B /* PBXTargetDependency */ = {
			isa = PBXTargetDependency;
			target = 3C898CDD23CAD5F300E05A5B /* GitCommitApiSample */;
			targetProxy = 3C898CF523CAD5F500E05A5B /* PBXContainerItemProxy */;
		};
		3C898D0123CAD5F600E05A5B /* PBXTargetDependency */ = {
			isa = PBXTargetDependency;
			target = 3C898CDD23CAD5F300E05A5B /* GitCommitApiSample */;
			targetProxy = 3C898D0023CAD5F600E05A5B /* PBXContainerItemProxy */;
		};
/* End PBXTargetDependency section */

/* Begin PBXVariantGroup section */
		3C898CE723CAD5F300E05A5B /* Main.storyboard */ = {
			isa = PBXVariantGroup;
			children = (
				3C898CE823CAD5F300E05A5B /* Base */,
			);
			name = Main.storyboard;
			sourceTree = "<group>";
		};
		3C898CEC23CAD5F500E05A5B /* LaunchScreen.storyboard */ = {
			isa = PBXVariantGroup;
			children = (
				3C898CED23CAD5F500E05A5B /* Base */,
			);
			name = LaunchScreen.storyboard;
			sourceTree = "<group>";
		};
/* End PBXVariantGroup section */

/* Begin XCBuildConfiguration section */
		3C898D0623CAD5F600E05A5B /* Debug */ = {
			isa = XCBuildConfiguration;
			buildSettings = {
				ALWAYS_SEARCH_USER_PATHS = NO;
				CLANG_ANALYZER_NONNULL = YES;
				CLANG_ANALYZER_NUMBER_OBJECT_CONVERSION = YES_AGGRESSIVE;
				CLANG_CXX_LANGUAGE_STANDARD = "gnu++14";
				CLANG_CXX_LIBRARY = "libc++";
				CLANG_ENABLE_MODULES = YES;
				CLANG_ENABLE_OBJC_ARC = YES;
				CLANG_ENABLE_OBJC_WEAK = YES;
				CLANG_WARN_BLOCK_CAPTURE_AUTORELEASING = YES;
				CLANG_WARN_BOOL_CONVERSION = YES;
				CLANG_WARN_COMMA = YES;
				CLANG_WARN_CONSTANT_CONVERSION = YES;
				CLANG_WARN_DEPRECATED_OBJC_IMPLEMENTATIONS = YES;
				CLANG_WARN_DIRECT_OBJC_ISA_USAGE = YES_ERROR;
				CLANG_WARN_DOCUMENTATION_COMMENTS = YES;
				CLANG_WARN_EMPTY_BODY = YES;
				CLANG_WARN_ENUM_CONVERSION = YES;
				CLANG_WARN_INFINITE_RECURSION = YES;
				CLANG_WARN_INT_CONVERSION = YES;
				CLANG_WARN_NON_LITERAL_NULL_CONVERSION = YES;
				CLANG_WARN_OBJC_IMPLICIT_RETAIN_SELF = YES;
				CLANG_WARN_OBJC_LITERAL_CONVERSION = YES;
				CLANG_WARN_OBJC_ROOT_CLASS = YES_ERROR;
				CLANG_WARN_RANGE_LOOP_ANALYSIS = YES;
				CLANG_WARN_STRICT_PROTOTYPES = YES;
				CLANG_WARN_SUSPICIOUS_MOVE = YES;
				CLANG_WARN_UNGUARDED_AVAILABILITY = YES_AGGRESSIVE;
				CLANG_WARN_UNREACHABLE_CODE = YES;
				CLANG_WARN__DUPLICATE_METHOD_MATCH = YES;
				COPY_PHASE_STRIP = NO;
				DEBUG_INFORMATION_FORMAT = dwarf;
				ENABLE_STRICT_OBJC_MSGSEND = YES;
				ENABLE_TESTABILITY = YES;
				GCC_C_LANGUAGE_STANDARD = gnu11;
				GCC_DYNAMIC_NO_PIC = NO;
				GCC_NO_COMMON_BLOCKS = YES;
				GCC_OPTIMIZATION_LEVEL = 0;
				GCC_PREPROCESSOR_DEFINITIONS = (
					"DEBUG=1",
					"$(inherited)",
				);
				GCC_WARN_64_TO_32_BIT_CONVERSION = YES;
				GCC_WARN_ABOUT_RETURN_TYPE = YES_ERROR;
				GCC_WARN_UNDECLARED_SELECTOR = YES;
				GCC_WARN_UNINITIALIZED_AUTOS = YES_AGGRESSIVE;
				GCC_WARN_UNUSED_FUNCTION = YES;
				GCC_WARN_UNUSED_VARIABLE = YES;
				IPHONEOS_DEPLOYMENT_TARGET = 13.1;
				MTL_ENABLE_DEBUG_INFO = INCLUDE_SOURCE;
				MTL_FAST_MATH = YES;
				ONLY_ACTIVE_ARCH = YES;
				SDKROOT = iphoneos;
				SWIFT_ACTIVE_COMPILATION_CONDITIONS = DEBUG;
				SWIFT_OPTIMIZATION_LEVEL = "-Onone";
			};
			name = Debug;
		};
		3C898D0723CAD5F600E05A5B /* Release */ = {
			isa = XCBuildConfiguration;
			buildSettings = {
				ALWAYS_SEARCH_USER_PATHS = NO;
				CLANG_ANALYZER_NONNULL = YES;
				CLANG_ANALYZER_NUMBER_OBJECT_CONVERSION = YES_AGGRESSIVE;
				CLANG_CXX_LANGUAGE_STANDARD = "gnu++14";
				CLANG_CXX_LIBRARY = "libc++";
				CLANG_ENABLE_MODULES = YES;
				CLANG_ENABLE_OBJC_ARC = YES;
				CLANG_ENABLE_OBJC_WEAK = YES;
				CLANG_WARN_BLOCK_CAPTURE_AUTORELEASING = YES;
				CLANG_WARN_BOOL_CONVERSION = YES;
				CLANG_WARN_COMMA = YES;
				CLANG_WARN_CONSTANT_CONVERSION = YES;
				CLANG_WARN_DEPRECATED_OBJC_IMPLEMENTATIONS = YES;
				CLANG_WARN_DIRECT_OBJC_ISA_USAGE = YES_ERROR;
				CLANG_WARN_DOCUMENTATION_COMMENTS = YES;
				CLANG_WARN_EMPTY_BODY = YES;
				CLANG_WARN_ENUM_CONVERSION = YES;
				CLANG_WARN_INFINITE_RECURSION = YES;
				CLANG_WARN_INT_CONVERSION = YES;
				CLANG_WARN_NON_LITERAL_NULL_CONVERSION = YES;
				CLANG_WARN_OBJC_IMPLICIT_RETAIN_SELF = YES;
				CLANG_WARN_OBJC_LITERAL_CONVERSION = YES;
				CLANG_WARN_OBJC_ROOT_CLASS = YES_ERROR;
				CLANG_WARN_RANGE_LOOP_ANALYSIS = YES;
				CLANG_WARN_STRICT_PROTOTYPES = YES;
				CLANG_WARN_SUSPICIOUS_MOVE = YES;
				CLANG_WARN_UNGUARDED_AVAILABILITY = YES_AGGRESSIVE;
				CLANG_WARN_UNREACHABLE_CODE = YES;
				CLANG_WARN__DUPLICATE_METHOD_MATCH = YES;
				COPY_PHASE_STRIP = NO;
				DEBUG_INFORMATION_FORMAT = "dwarf-with-dsym";
				ENABLE_NS_ASSERTIONS = NO;
				ENABLE_STRICT_OBJC_MSGSEND = YES;
				GCC_C_LANGUAGE_STANDARD = gnu11;
				GCC_NO_COMMON_BLOCKS = YES;
				GCC_WARN_64_TO_32_BIT_CONVERSION = YES;
				GCC_WARN_ABOUT_RETURN_TYPE = YES_ERROR;
				GCC_WARN_UNDECLARED_SELECTOR = YES;
				GCC_WARN_UNINITIALIZED_AUTOS = YES_AGGRESSIVE;
				GCC_WARN_UNUSED_FUNCTION = YES;
				GCC_WARN_UNUSED_VARIABLE = YES;
				IPHONEOS_DEPLOYMENT_TARGET = 13.1;
				MTL_ENABLE_DEBUG_INFO = NO;
				MTL_FAST_MATH = YES;
				SDKROOT = iphoneos;
				SWIFT_COMPILATION_MODE = wholemodule;
				SWIFT_OPTIMIZATION_LEVEL = "-O";
				VALIDATE_PRODUCT = YES;
			};
			name = Release;
		};
		3C898D0923CAD5F600E05A5B /* Debug */ = {
			isa = XCBuildConfiguration;
			buildSettings = {
				ASSETCATALOG_COMPILER_APPICON_NAME = AppIcon;
				CODE_SIGN_STYLE = Automatic;
				INFOPLIST_FILE = GitCommitApiSample/Info.plist;
				LD_RUNPATH_SEARCH_PATHS = (
					"$(inherited)",
					"@executable_path/Frameworks",
				);
				PRODUCT_BUNDLE_IDENTIFIER = casa.com.test.GitCommitApiSample;
				PRODUCT_NAME = "$(TARGET_NAME)";
				SWIFT_VERSION = 5.0;
				TARGETED_DEVICE_FAMILY = "1,2";
			};
			name = Debug;
		};
		3C898D0A23CAD5F600E05A5B /* Release */ = {
			isa = XCBuildConfiguration;
			buildSettings = {
				ASSETCATALOG_COMPILER_APPICON_NAME = AppIcon;
				CODE_SIGN_STYLE = Automatic;
				INFOPLIST_FILE = GitCommitApiSample/Info.plist;
				LD_RUNPATH_SEARCH_PATHS = (
					"$(inherited)",
					"@executable_path/Frameworks",
				);
				PRODUCT_BUNDLE_IDENTIFIER = casa.com.test.GitCommitApiSample;
				PRODUCT_NAME = "$(TARGET_NAME)";
				SWIFT_VERSION = 5.0;
				TARGETED_DEVICE_FAMILY = "1,2";
			};
			name = Release;
		};
		3C898D0C23CAD5F600E05A5B /* Debug */ = {
			isa = XCBuildConfiguration;
			buildSettings = {
				ALWAYS_EMBED_SWIFT_STANDARD_LIBRARIES = YES;
				BUNDLE_LOADER = "$(TEST_HOST)";
				CODE_SIGN_STYLE = Automatic;
				INFOPLIST_FILE = GitCommitApiSampleTests/Info.plist;
				IPHONEOS_DEPLOYMENT_TARGET = 13.1;
				LD_RUNPATH_SEARCH_PATHS = (
					"$(inherited)",
					"@executable_path/Frameworks",
					"@loader_path/Frameworks",
				);
				PRODUCT_BUNDLE_IDENTIFIER = casa.com.test.GitCommitApiSampleTests;
				PRODUCT_NAME = "$(TARGET_NAME)";
				SWIFT_VERSION = 5.0;
				TARGETED_DEVICE_FAMILY = "1,2";
				TEST_HOST = "$(BUILT_PRODUCTS_DIR)/GitCommitApiSample.app/GitCommitApiSample";
			};
			name = Debug;
		};
		3C898D0D23CAD5F600E05A5B /* Release */ = {
			isa = XCBuildConfiguration;
			buildSettings = {
				ALWAYS_EMBED_SWIFT_STANDARD_LIBRARIES = YES;
				BUNDLE_LOADER = "$(TEST_HOST)";
				CODE_SIGN_STYLE = Automatic;
				INFOPLIST_FILE = GitCommitApiSampleTests/Info.plist;
				IPHONEOS_DEPLOYMENT_TARGET = 13.1;
				LD_RUNPATH_SEARCH_PATHS = (
					"$(inherited)",
					"@executable_path/Frameworks",
					"@loader_path/Frameworks",
				);
				PRODUCT_BUNDLE_IDENTIFIER = casa.com.test.GitCommitApiSampleTests;
				PRODUCT_NAME = "$(TARGET_NAME)";
				SWIFT_VERSION = 5.0;
				TARGETED_DEVICE_FAMILY = "1,2";
				TEST_HOST = "$(BUILT_PRODUCTS_DIR)/GitCommitApiSample.app/GitCommitApiSample";
			};
			name = Release;
		};
		3C898D0F23CAD5F600E05A5B /* Debug */ = {
			isa = XCBuildConfiguration;
			buildSettings = {
				ALWAYS_EMBED_SWIFT_STANDARD_LIBRARIES = YES;
				CODE_SIGN_STYLE = Automatic;
				INFOPLIST_FILE = GitCommitApiSampleUITests/Info.plist;
				LD_RUNPATH_SEARCH_PATHS = (
					"$(inherited)",
					"@executable_path/Frameworks",
					"@loader_path/Frameworks",
				);
				PRODUCT_BUNDLE_IDENTIFIER = casa.com.test.GitCommitApiSampleUITests;
				PRODUCT_NAME = "$(TARGET_NAME)";
				SWIFT_VERSION = 5.0;
				TARGETED_DEVICE_FAMILY = "1,2";
				TEST_TARGET_NAME = GitCommitApiSample;
			};
			name = Debug;
		};
		3C898D1023CAD5F600E05A5B /* Release */ = {
			isa = XCBuildConfiguration;
			buildSettings = {
				ALWAYS_EMBED_SWIFT_STANDARD_LIBRARIES = YES;
				CODE_SIGN_STYLE = Automatic;
				INFOPLIST_FILE = GitCommitApiSampleUITests/Info.plist;
				LD_RUNPATH_SEARCH_PATHS = (
					"$(inherited)",
					"@executable_path/Frameworks",
					"@loader_path/Frameworks",
				);
				PRODUCT_BUNDLE_IDENTIFIER = casa.com.test.GitCommitApiSampleUITests;
				PRODUCT_NAME = "$(TARGET_NAME)";
				SWIFT_VERSION = 5.0;
				TARGETED_DEVICE_FAMILY = "1,2";
				TEST_TARGET_NAME = GitCommitApiSample;
			};
			name = Release;
		};
/* End XCBuildConfiguration section */

/* Begin XCConfigurationList section */
		3C898CD923CAD5F300E05A5B /* Build configuration list for PBXProject "GitCommitApiSample" */ = {
			isa = XCConfigurationList;
			buildConfigurations = (
				3C898D0623CAD5F600E05A5B /* Debug */,
				3C898D0723CAD5F600E05A5B /* Release */,
			);
			defaultConfigurationIsVisible = 0;
			defaultConfigurationName = Release;
		};
		3C898D0823CAD5F600E05A5B /* Build configuration list for PBXNativeTarget "GitCommitApiSample" */ = {
			isa = XCConfigurationList;
			buildConfigurations = (
				3C898D0923CAD5F600E05A5B /* Debug */,
				3C898D0A23CAD5F600E05A5B /* Release */,
			);
			defaultConfigurationIsVisible = 0;
			defaultConfigurationName = Release;
		};
		3C898D0B23CAD5F600E05A5B /* Build configuration list for PBXNativeTarget "GitCommitApiSampleTests" */ = {
			isa = XCConfigurationList;
			buildConfigurations = (
				3C898D0C23CAD5F600E05A5B /* Debug */,
				3C898D0D23CAD5F600E05A5B /* Release */,
			);
			defaultConfigurationIsVisible = 0;
			defaultConfigurationName = Release;
		};
		3C898D0E23CAD5F600E05A5B /* Build configuration list for PBXNativeTarget "GitCommitApiSampleUITests" */ = {
			isa = XCConfigurationList;
			buildConfigurations = (
				3C898D0F23CAD5F600E05A5B /* Debug */,
				3C898D1023CAD5F600E05A5B /* Release */,
			);
			defaultConfigurationIsVisible = 0;
			defaultConfigurationName = Release;
		};
/* End XCConfigurationList section */
	};
	rootObject = 3C898CD623CAD5F300E05A5B /* Project object */;
}
